
Microsoft Visual Studio Solution File, Format Version 12.00
# Visual Studio Version 17
VisualStudioVersion = 17.7.34202.233
MinimumVisualStudioVersion = 10.0.40219.1
Project("{FAE04EC0-301F-11D3-BF4B-00C04F79EFBC}") = "Szorzotabla_trener", "Szorzotabla_trener.csproj", "{E1BFAE38-84B8-484F-A816-80E0C01DCBAD}"
EndProject
Global
	GlobalSection(SolutionConfigurationPlatforms) = preSolution
		Debug|Any CPU = Debug|Any CPU
		Release|Any CPU = Release|Any CPU
	EndGlobalSection
	GlobalSection(ProjectConfigurationPlatforms) = postSolution
		{E1BFAE38-84B8-484F-A816-80E0C01DCBAD}.Debug|Any CPU.ActiveCfg = Debug|Any CPU
		{E1BFAE38-84B8-484F-A816-80E0C01DCBAD}.Debug|Any CPU.Build.0 = Debug|Any CPU
		{E1BFAE38-84B8-484F-A816-80E0C01DCBAD}.Release|Any CPU.ActiveCfg = Release|Any CPU
		{E1BFAE38-84B8-484F-A816-80E0C01DCBAD}.Release|Any CPU.Build.0 = Release|Any CPU
	EndGlobalSection
	GlobalSection(SolutionProperties) = preSolution
		HideSolutionNode = FALSE
	EndGlobalSection
	GlobalSection(ExtensibilityGlobals) = postSolution
		SolutionGuid = {439333FB-CC51-4744-B0F1-B1DA4FA0AD2F}
	EndGlobalSection
EndGlobal
